// !$*UTF8*$!
{
	archiveVersion = 1;
	classes = {
	};
	objectVersion = 46;
	objects = {

/* Begin PBXBuildFile section */
		AE51FB1F1FA11BE0005D535C /* OnSetOfIncidentViewController.swift in Sources */ = {isa = PBXBuildFile; fileRef = AE51FB1E1FA11BE0005D535C /* OnSetOfIncidentViewController.swift */; };
		AE51FB231FA13FAF005D535C /* IncidentReporting1ViewController.swift in Sources */ = {isa = PBXBuildFile; fileRef = AE51FB221FA13FAF005D535C /* IncidentReporting1ViewController.swift */; };
		AE51FB251FAA385E005D535C /* IncidentReporting2ViewController.swift in Sources */ = {isa = PBXBuildFile; fileRef = AE51FB241FAA385E005D535C /* IncidentReporting2ViewController.swift */; };
		AE51FB271FAA38B6005D535C /* IncidentReporting3ViewController.swift in Sources */ = {isa = PBXBuildFile; fileRef = AE51FB261FAA38B6005D535C /* IncidentReporting3ViewController.swift */; };
		AE51FB291FAA38DA005D535C /* IncidentReporting4ViewController.swift in Sources */ = {isa = PBXBuildFile; fileRef = AE51FB281FAA38DA005D535C /* IncidentReporting4ViewController.swift */; };
		AE51FB2B1FAA38E8005D535C /* IncidentReporting5ViewController.swift in Sources */ = {isa = PBXBuildFile; fileRef = AE51FB2A1FAA38E8005D535C /* IncidentReporting5ViewController.swift */; };
		AE51FB2F1FAA4C6F005D535C /* IncidentProfileViewController.swift in Sources */ = {isa = PBXBuildFile; fileRef = AE51FB2E1FAA4C6F005D535C /* IncidentProfileViewController.swift */; };
		AE51FB311FAA4C85005D535C /* HazardProfileViewController.swift in Sources */ = {isa = PBXBuildFile; fileRef = AE51FB301FAA4C85005D535C /* HazardProfileViewController.swift */; };
		AE51FB381FAA4D52005D535C /* checkbox-checked.png in Resources */ = {isa = PBXBuildFile; fileRef = AE51FB361FAA4D52005D535C /* checkbox-checked.png */; };
		AE51FB3B1FAA4DE4005D535C /* unchecked.png in Resources */ = {isa = PBXBuildFile; fileRef = AE51FB3A1FAA4DE4005D535C /* unchecked.png */; };
		AE51FB3D1FAA51BD005D535C /* HazardDetailsViewController.swift in Sources */ = {isa = PBXBuildFile; fileRef = AE51FB3C1FAA51BD005D535C /* HazardDetailsViewController.swift */; };
		AE51FB3F1FAA5748005D535C /* HazardOnset1ViewController.swift in Sources */ = {isa = PBXBuildFile; fileRef = AE51FB3E1FAA5748005D535C /* HazardOnset1ViewController.swift */; };
		AE51FB411FAA5756005D535C /* HazardOnset2ViewController.swift in Sources */ = {isa = PBXBuildFile; fileRef = AE51FB401FAA5756005D535C /* HazardOnset2ViewController.swift */; };
		AE51FB441FBB98C0005D535C /* LoginData.m in Sources */ = {isa = PBXBuildFile; fileRef = AE51FB431FBB98C0005D535C /* LoginData.m */; };
		AE51FB481FBB99F2005D535C /* libsqlite3.0.tbd in Frameworks */ = {isa = PBXBuildFile; fileRef = AE51FB461FBB99F2005D535C /* libsqlite3.0.tbd */; };
		AE51FB491FBB99F2005D535C /* libsqlite3.tbd in Frameworks */ = {isa = PBXBuildFile; fileRef = AE51FB471FBB99F2005D535C /* libsqlite3.tbd */; };
		AE51FB4C1FBB9ABD005D535C /* SureSafety.db in Resources */ = {isa = PBXBuildFile; fileRef = AE51FB4B1FBB9ABD005D535C /* SureSafety.db */; };
		AE51FB4E1FBB9D34005D535C /* LoginViewController.swift in Sources */ = {isa = PBXBuildFile; fileRef = AE51FB4D1FBB9D34005D535C /* LoginViewController.swift */; };
		AE6547421F928E18005A6BB5 /* TableTestViewController.swift in Sources */ = {isa = PBXBuildFile; fileRef = AE6547411F928E18005A6BB5 /* TableTestViewController.swift */; };
		AE6547441F928FEB005A6BB5 /* SiteCell.swift in Sources */ = {isa = PBXBuildFile; fileRef = AE6547431F928FEB005A6BB5 /* SiteCell.swift */; };
		AE78C5061F9D5FF10000DCA5 /* viewControllerBackgroundOnset.png in Resources */ = {isa = PBXBuildFile; fileRef = AE78C5051F9D5FF10000DCA5 /* viewControllerBackgroundOnset.png */; };
		AE78C50C1F9FDD7F0000DCA5 /* dreamstime_s_17222086.jpg in Resources */ = {isa = PBXBuildFile; fileRef = AE78C50B1F9FDD7F0000DCA5 /* dreamstime_s_17222086.jpg */; };
		AEED86E51FDDCF7C003350CE /* GlobalArray.swift in Sources */ = {isa = PBXBuildFile; fileRef = AEED86E41FDDCF7C003350CE /* GlobalArray.swift */; };
		AEEFEEAC1F8D003A00C09797 /* main.m in Sources */ = {isa = PBXBuildFile; fileRef = AEEFEEAB1F8D003A00C09797 /* main.m */; };
		AEEFEEAF1F8D003A00C09797 /* AppDelegate.m in Sources */ = {isa = PBXBuildFile; fileRef = AEEFEEAE1F8D003A00C09797 /* AppDelegate.m */; };
		AEEFEEB21F8D003B00C09797 /* ViewController.m in Sources */ = {isa = PBXBuildFile; fileRef = AEEFEEB11F8D003A00C09797 /* ViewController.m */; };
		AEEFEEB51F8D003B00C09797 /* Main.storyboard in Resources */ = {isa = PBXBuildFile; fileRef = AEEFEEB31F8D003B00C09797 /* Main.storyboard */; };
		AEEFEEB71F8D003B00C09797 /* Assets.xcassets in Resources */ = {isa = PBXBuildFile; fileRef = AEEFEEB61F8D003B00C09797 /* Assets.xcassets */; };
		AEEFEEBA1F8D003B00C09797 /* LaunchScreen.storyboard in Resources */ = {isa = PBXBuildFile; fileRef = AEEFEEB81F8D003B00C09797 /* LaunchScreen.storyboard */; };
		AEEFEEC51F8D003B00C09797 /* SureSafetyTests.m in Sources */ = {isa = PBXBuildFile; fileRef = AEEFEEC41F8D003B00C09797 /* SureSafetyTests.m */; };
		AEEFEED01F8D003B00C09797 /* SureSafetyUITests.m in Sources */ = {isa = PBXBuildFile; fileRef = AEEFEECF1F8D003B00C09797 /* SureSafetyUITests.m */; };
		AEEFEEDF1F8D961E00C09797 /* footerImage.png in Resources */ = {isa = PBXBuildFile; fileRef = AEEFEEDE1F8D961E00C09797 /* footerImage.png */; };
		AEEFEEE11F8D996300C09797 /* Logo.png in Resources */ = {isa = PBXBuildFile; fileRef = AEEFEEE01F8D996300C09797 /* Logo.png */; };
		AEF1AF472005B296002DD7BC /* Suresafety_logo_bg.png in Resources */ = {isa = PBXBuildFile; fileRef = AEF1AF462005B296002DD7BC /* Suresafety_logo_bg.png */; };
		AEF6E28D1F9026CD00AE3937 /* loginHeader1.jpg in Resources */ = {isa = PBXBuildFile; fileRef = AEF6E28C1F9026CD00AE3937 /* loginHeader1.jpg */; };
/* End PBXBuildFile section */

/* Begin PBXContainerItemProxy section */
		AEEFEEC11F8D003B00C09797 /* PBXContainerItemProxy */ = {
			isa = PBXContainerItemProxy;
			containerPortal = AEEFEE9F1F8D003A00C09797 /* Project object */;
			proxyType = 1;
			remoteGlobalIDString = AEEFEEA61F8D003A00C09797;
			remoteInfo = SureSafety;
		};
		AEEFEECC1F8D003B00C09797 /* PBXContainerItemProxy */ = {
			isa = PBXContainerItemProxy;
			containerPortal = AEEFEE9F1F8D003A00C09797 /* Project object */;
			proxyType = 1;
			remoteGlobalIDString = AEEFEEA61F8D003A00C09797;
			remoteInfo = SureSafety;
		};
/* End PBXContainerItemProxy section */

/* Begin PBXFileReference section */
		AE51FB1E1FA11BE0005D535C /* OnSetOfIncidentViewController.swift */ = {isa = PBXFileReference; fileEncoding = 4; lastKnownFileType = sourcecode.swift; path = OnSetOfIncidentViewController.swift; sourceTree = "<group>"; };
		AE51FB221FA13FAF005D535C /* IncidentReporting1ViewController.swift */ = {isa = PBXFileReference; fileEncoding = 4; lastKnownFileType = sourcecode.swift; path = IncidentReporting1ViewController.swift; sourceTree = "<group>"; };
		AE51FB241FAA385E005D535C /* IncidentReporting2ViewController.swift */ = {isa = PBXFileReference; fileEncoding = 4; lastKnownFileType = sourcecode.swift; path = IncidentReporting2ViewController.swift; sourceTree = "<group>"; };
		AE51FB261FAA38B6005D535C /* IncidentReporting3ViewController.swift */ = {isa = PBXFileReference; fileEncoding = 4; lastKnownFileType = sourcecode.swift; path = IncidentReporting3ViewController.swift; sourceTree = "<group>"; };
		AE51FB281FAA38DA005D535C /* IncidentReporting4ViewController.swift */ = {isa = PBXFileReference; fileEncoding = 4; lastKnownFileType = sourcecode.swift; path = IncidentReporting4ViewController.swift; sourceTree = "<group>"; };
		AE51FB2A1FAA38E8005D535C /* IncidentReporting5ViewController.swift */ = {isa = PBXFileReference; fileEncoding = 4; lastKnownFileType = sourcecode.swift; path = IncidentReporting5ViewController.swift; sourceTree = "<group>"; };
		AE51FB2E1FAA4C6F005D535C /* IncidentProfileViewController.swift */ = {isa = PBXFileReference; fileEncoding = 4; lastKnownFileType = sourcecode.swift; path = IncidentProfileViewController.swift; sourceTree = "<group>"; };
		AE51FB301FAA4C85005D535C /* HazardProfileViewController.swift */ = {isa = PBXFileReference; fileEncoding = 4; lastKnownFileType = sourcecode.swift; path = HazardProfileViewController.swift; sourceTree = "<group>"; };
		AE51FB361FAA4D52005D535C /* checkbox-checked.png */ = {isa = PBXFileReference; lastKnownFileType = image.png; path = "checkbox-checked.png"; sourceTree = "<group>"; };
		AE51FB3A1FAA4DE4005D535C /* unchecked.png */ = {isa = PBXFileReference; lastKnownFileType = image.png; path = unchecked.png; sourceTree = "<group>"; };
		AE51FB3C1FAA51BD005D535C /* HazardDetailsViewController.swift */ = {isa = PBXFileReference; fileEncoding = 4; lastKnownFileType = sourcecode.swift; path = HazardDetailsViewController.swift; sourceTree = "<group>"; };
		AE51FB3E1FAA5748005D535C /* HazardOnset1ViewController.swift */ = {isa = PBXFileReference; fileEncoding = 4; lastKnownFileType = sourcecode.swift; path = HazardOnset1ViewController.swift; sourceTree = "<group>"; };
		AE51FB401FAA5756005D535C /* HazardOnset2ViewController.swift */ = {isa = PBXFileReference; fileEncoding = 4; lastKnownFileType = sourcecode.swift; path = HazardOnset2ViewController.swift; sourceTree = "<group>"; };
		AE51FB421FBB98C0005D535C /* LoginData.h */ = {isa = PBXFileReference; fileEncoding = 4; lastKnownFileType = sourcecode.c.h; path = LoginData.h; sourceTree = "<group>"; };
		AE51FB431FBB98C0005D535C /* LoginData.m */ = {isa = PBXFileReference; fileEncoding = 4; lastKnownFileType = sourcecode.c.objc; path = LoginData.m; sourceTree = "<group>"; };
		AE51FB461FBB99F2005D535C /* libsqlite3.0.tbd */ = {isa = PBXFileReference; lastKnownFileType = "sourcecode.text-based-dylib-definition"; name = libsqlite3.0.tbd; path = usr/lib/libsqlite3.0.tbd; sourceTree = SDKROOT; };
		AE51FB471FBB99F2005D535C /* libsqlite3.tbd */ = {isa = PBXFileReference; lastKnownFileType = "sourcecode.text-based-dylib-definition"; name = libsqlite3.tbd; path = usr/lib/libsqlite3.tbd; sourceTree = SDKROOT; };
		AE51FB4B1FBB9ABD005D535C /* SureSafety.db */ = {isa = PBXFileReference; lastKnownFileType = file; name = SureSafety.db; path = ../../../SureSafety.db; sourceTree = "<group>"; };
		AE51FB4D1FBB9D34005D535C /* LoginViewController.swift */ = {isa = PBXFileReference; fileEncoding = 4; lastKnownFileType = sourcecode.swift; path = LoginViewController.swift; sourceTree = "<group>"; };
		AE6547401F928E18005A6BB5 /* SureSafety-Bridging-Header.h */ = {isa = PBXFileReference; lastKnownFileType = sourcecode.c.h; path = "SureSafety-Bridging-Header.h"; sourceTree = "<group>"; };
		AE6547411F928E18005A6BB5 /* TableTestViewController.swift */ = {isa = PBXFileReference; fileEncoding = 4; lastKnownFileType = sourcecode.swift; path = TableTestViewController.swift; sourceTree = "<group>"; };
		AE6547431F928FEB005A6BB5 /* SiteCell.swift */ = {isa = PBXFileReference; fileEncoding = 4; lastKnownFileType = sourcecode.swift; path = SiteCell.swift; sourceTree = "<group>"; };
		AE78C5051F9D5FF10000DCA5 /* viewControllerBackgroundOnset.png */ = {isa = PBXFileReference; lastKnownFileType = image.png; path = viewControllerBackgroundOnset.png; sourceTree = "<group>"; };
		AE78C50B1F9FDD7F0000DCA5 /* dreamstime_s_17222086.jpg */ = {isa = PBXFileReference; lastKnownFileType = image.jpeg; path = dreamstime_s_17222086.jpg; sourceTree = "<group>"; };
		AEED86E41FDDCF7C003350CE /* GlobalArray.swift */ = {isa = PBXFileReference; fileEncoding = 4; lastKnownFileType = sourcecode.swift; path = GlobalArray.swift; sourceTree = "<group>"; };
		AEEFEEA71F8D003A00C09797 /* SureSafety.app */ = {isa = PBXFileReference; explicitFileType = wrapper.application; includeInIndex = 0; path = SureSafety.app; sourceTree = BUILT_PRODUCTS_DIR; };
		AEEFEEAB1F8D003A00C09797 /* main.m */ = {isa = PBXFileReference; lastKnownFileType = sourcecode.c.objc; path = main.m; sourceTree = "<group>"; };
		AEEFEEAD1F8D003A00C09797 /* AppDelegate.h */ = {isa = PBXFileReference; lastKnownFileType = sourcecode.c.h; path = AppDelegate.h; sourceTree = "<group>"; };
		AEEFEEAE1F8D003A00C09797 /* AppDelegate.m */ = {isa = PBXFileReference; lastKnownFileType = sourcecode.c.objc; path = AppDelegate.m; sourceTree = "<group>"; };
		AEEFEEB01F8D003A00C09797 /* ViewController.h */ = {isa = PBXFileReference; lastKnownFileType = sourcecode.c.h; path = ViewController.h; sourceTree = "<group>"; };
		AEEFEEB11F8D003A00C09797 /* ViewController.m */ = {isa = PBXFileReference; lastKnownFileType = sourcecode.c.objc; path = ViewController.m; sourceTree = "<group>"; };
		AEEFEEB41F8D003B00C09797 /* Base */ = {isa = PBXFileReference; lastKnownFileType = file.storyboard; name = Base; path = Base.lproj/Main.storyboard; sourceTree = "<group>"; };
		AEEFEEB61F8D003B00C09797 /* Assets.xcassets */ = {isa = PBXFileReference; lastKnownFileType = folder.assetcatalog; path = Assets.xcassets; sourceTree = "<group>"; };
		AEEFEEB91F8D003B00C09797 /* Base */ = {isa = PBXFileReference; lastKnownFileType = file.storyboard; name = Base; path = Base.lproj/LaunchScreen.storyboard; sourceTree = "<group>"; };
		AEEFEEBB1F8D003B00C09797 /* Info.plist */ = {isa = PBXFileReference; lastKnownFileType = text.plist.xml; path = Info.plist; sourceTree = "<group>"; };
		AEEFEEC01F8D003B00C09797 /* SureSafetyTests.xctest */ = {isa = PBXFileReference; explicitFileType = wrapper.cfbundle; includeInIndex = 0; path = SureSafetyTests.xctest; sourceTree = BUILT_PRODUCTS_DIR; };
		AEEFEEC41F8D003B00C09797 /* SureSafetyTests.m */ = {isa = PBXFileReference; lastKnownFileType = sourcecode.c.objc; path = SureSafetyTests.m; sourceTree = "<group>"; };
		AEEFEEC61F8D003B00C09797 /* Info.plist */ = {isa = PBXFileReference; lastKnownFileType = text.plist.xml; path = Info.plist; sourceTree = "<group>"; };
		AEEFEECB1F8D003B00C09797 /* SureSafetyUITests.xctest */ = {isa = PBXFileReference; explicitFileType = wrapper.cfbundle; includeInIndex = 0; path = SureSafetyUITests.xctest; sourceTree = BUILT_PRODUCTS_DIR; };
		AEEFEECF1F8D003B00C09797 /* SureSafetyUITests.m */ = {isa = PBXFileReference; lastKnownFileType = sourcecode.c.objc; path = SureSafetyUITests.m; sourceTree = "<group>"; };
		AEEFEED11F8D003B00C09797 /* Info.plist */ = {isa = PBXFileReference; lastKnownFileType = text.plist.xml; path = Info.plist; sourceTree = "<group>"; };
		AEEFEEDE1F8D961E00C09797 /* footerImage.png */ = {isa = PBXFileReference; lastKnownFileType = image.png; path = footerImage.png; sourceTree = "<group>"; };
		AEEFEEE01F8D996300C09797 /* Logo.png */ = {isa = PBXFileReference; lastKnownFileType = image.png; path = Logo.png; sourceTree = "<group>"; };
		AEF1AF462005B296002DD7BC /* Suresafety_logo_bg.png */ = {isa = PBXFileReference; lastKnownFileType = image.png; path = Suresafety_logo_bg.png; sourceTree = "<group>"; };
		AEF6E28C1F9026CD00AE3937 /* loginHeader1.jpg */ = {isa = PBXFileReference; lastKnownFileType = image.jpeg; path = loginHeader1.jpg; sourceTree = "<group>"; };
/* End PBXFileReference section */

/* Begin PBXFrameworksBuildPhase section */
		AEEFEEA41F8D003A00C09797 /* Frameworks */ = {
			isa = PBXFrameworksBuildPhase;
			buildActionMask = 2147483647;
			files = (
				AE51FB481FBB99F2005D535C /* libsqlite3.0.tbd in Frameworks */,
				AE51FB491FBB99F2005D535C /* libsqlite3.tbd in Frameworks */,
			);
			runOnlyForDeploymentPostprocessing = 0;
		};
		AEEFEEBD1F8D003B00C09797 /* Frameworks */ = {
			isa = PBXFrameworksBuildPhase;
			buildActionMask = 2147483647;
			files = (
			);
			runOnlyForDeploymentPostprocessing = 0;
		};
		AEEFEEC81F8D003B00C09797 /* Frameworks */ = {
			isa = PBXFrameworksBuildPhase;
			buildActionMask = 2147483647;
			files = (
			);
			runOnlyForDeploymentPostprocessing = 0;
		};
/* End PBXFrameworksBuildPhase section */

/* Begin PBXGroup section */
		AE51FB201FA13CFF005D535C /* View Controllers */ = {
			isa = PBXGroup;
			children = (
				AE51FB2D1FAA492B005D535C /* Hazard Observed */,
				AE51FB2C1FAA4922005D535C /* Incident Occured */,
				AE6547411F928E18005A6BB5 /* TableTestViewController.swift */,
				AE6547401F928E18005A6BB5 /* SureSafety-Bridging-Header.h */,
				AE6547431F928FEB005A6BB5 /* SiteCell.swift */,
				AEEFEEB01F8D003A00C09797 /* ViewController.h */,
				AEEFEEB11F8D003A00C09797 /* ViewController.m */,
				AE51FB4D1FBB9D34005D535C /* LoginViewController.swift */,
			);
			name = "View Controllers";
			sourceTree = "<group>";
		};
		AE51FB211FA13D5E005D535C /* Storyboards */ = {
			isa = PBXGroup;
			children = (
				AEEFEEB31F8D003B00C09797 /* Main.storyboard */,
				AEEFEEB81F8D003B00C09797 /* LaunchScreen.storyboard */,
			);
			name = Storyboards;
			sourceTree = "<group>";
		};
		AE51FB2C1FAA4922005D535C /* Incident Occured */ = {
			isa = PBXGroup;
			children = (
				AE51FB1E1FA11BE0005D535C /* OnSetOfIncidentViewController.swift */,
				AE51FB221FA13FAF005D535C /* IncidentReporting1ViewController.swift */,
				AE51FB241FAA385E005D535C /* IncidentReporting2ViewController.swift */,
				AE51FB261FAA38B6005D535C /* IncidentReporting3ViewController.swift */,
				AE51FB281FAA38DA005D535C /* IncidentReporting4ViewController.swift */,
				AE51FB2A1FAA38E8005D535C /* IncidentReporting5ViewController.swift */,
				AE51FB2E1FAA4C6F005D535C /* IncidentProfileViewController.swift */,
			);
			name = "Incident Occured";
			sourceTree = "<group>";
		};
		AE51FB2D1FAA492B005D535C /* Hazard Observed */ = {
			isa = PBXGroup;
			children = (
				AE51FB301FAA4C85005D535C /* HazardProfileViewController.swift */,
				AE51FB3C1FAA51BD005D535C /* HazardDetailsViewController.swift */,
				AE51FB3E1FAA5748005D535C /* HazardOnset1ViewController.swift */,
				AE51FB401FAA5756005D535C /* HazardOnset2ViewController.swift */,
			);
			name = "Hazard Observed";
			sourceTree = "<group>";
		};
		AE51FB451FBB99F1005D535C /* Frameworks */ = {
			isa = PBXGroup;
			children = (
				AE51FB461FBB99F2005D535C /* libsqlite3.0.tbd */,
				AE51FB471FBB99F2005D535C /* libsqlite3.tbd */,
			);
			name = Frameworks;
			sourceTree = "<group>";
		};
		AE51FB4A1FBB9A7D005D535C /* Database */ = {
			isa = PBXGroup;
			children = (
				AE51FB4B1FBB9ABD005D535C /* SureSafety.db */,
			);
			name = Database;
			sourceTree = "<group>";
		};
		AEED86E31FDDCF58003350CE /* GlobalArray */ = {
			isa = PBXGroup;
			children = (
				AEED86E41FDDCF7C003350CE /* GlobalArray.swift */,
			);
			name = GlobalArray;
			sourceTree = "<group>";
		};
		AEEFEE9E1F8D003A00C09797 = {
			isa = PBXGroup;
			children = (
				AEEFEEA91F8D003A00C09797 /* SureSafety */,
				AEEFEEC31F8D003B00C09797 /* SureSafetyTests */,
				AEEFEECE1F8D003B00C09797 /* SureSafetyUITests */,
				AEEFEEA81F8D003A00C09797 /* Products */,
				AE51FB451FBB99F1005D535C /* Frameworks */,
			);
			sourceTree = "<group>";
		};
		AEEFEEA81F8D003A00C09797 /* Products */ = {
			isa = PBXGroup;
			children = (
				AEEFEEA71F8D003A00C09797 /* SureSafety.app */,
				AEEFEEC01F8D003B00C09797 /* SureSafetyTests.xctest */,
				AEEFEECB1F8D003B00C09797 /* SureSafetyUITests.xctest */,
			);
			name = Products;
			sourceTree = "<group>";
		};
		AEEFEEA91F8D003A00C09797 /* SureSafety */ = {
			isa = PBXGroup;
			children = (
				AEED86E31FDDCF58003350CE /* GlobalArray */,
				AE51FB211FA13D5E005D535C /* Storyboards */,
				AE51FB201FA13CFF005D535C /* View Controllers */,
				AEEFEEDD1F8D95F800C09797 /* Images */,
				AEEFEEB61F8D003B00C09797 /* Assets.xcassets */,
				AEEFEEBB1F8D003B00C09797 /* Info.plist */,
				AEEFEEAA1F8D003A00C09797 /* Supporting Files */,
			);
			path = SureSafety;
			sourceTree = "<group>";
		};
		AEEFEEAA1F8D003A00C09797 /* Supporting Files */ = {
			isa = PBXGroup;
			children = (
				AE51FB4A1FBB9A7D005D535C /* Database */,
				AEEFEEAD1F8D003A00C09797 /* AppDelegate.h */,
				AEEFEEAE1F8D003A00C09797 /* AppDelegate.m */,
				AEEFEEAB1F8D003A00C09797 /* main.m */,
				AE51FB421FBB98C0005D535C /* LoginData.h */,
				AE51FB431FBB98C0005D535C /* LoginData.m */,
			);
			name = "Supporting Files";
			sourceTree = "<group>";
		};
		AEEFEEC31F8D003B00C09797 /* SureSafetyTests */ = {
			isa = PBXGroup;
			children = (
				AEEFEEC41F8D003B00C09797 /* SureSafetyTests.m */,
				AEEFEEC61F8D003B00C09797 /* Info.plist */,
			);
			path = SureSafetyTests;
			sourceTree = "<group>";
		};
		AEEFEECE1F8D003B00C09797 /* SureSafetyUITests */ = {
			isa = PBXGroup;
			children = (
				AEEFEECF1F8D003B00C09797 /* SureSafetyUITests.m */,
				AEEFEED11F8D003B00C09797 /* Info.plist */,
			);
			path = SureSafetyUITests;
			sourceTree = "<group>";
		};
		AEEFEEDD1F8D95F800C09797 /* Images */ = {
			isa = PBXGroup;
			children = (
				AEF1AF462005B296002DD7BC /* Suresafety_logo_bg.png */,
				AE51FB3A1FAA4DE4005D535C /* unchecked.png */,
				AE51FB361FAA4D52005D535C /* checkbox-checked.png */,
				AE78C50B1F9FDD7F0000DCA5 /* dreamstime_s_17222086.jpg */,
				AE78C5051F9D5FF10000DCA5 /* viewControllerBackgroundOnset.png */,
				AEF6E28C1F9026CD00AE3937 /* loginHeader1.jpg */,
				AEEFEEE01F8D996300C09797 /* Logo.png */,
				AEEFEEDE1F8D961E00C09797 /* footerImage.png */,
			);
			name = Images;
			sourceTree = "<group>";
		};
/* End PBXGroup section */

/* Begin PBXNativeTarget section */
		AEEFEEA61F8D003A00C09797 /* SureSafety */ = {
			isa = PBXNativeTarget;
			buildConfigurationList = AEEFEED41F8D003B00C09797 /* Build configuration list for PBXNativeTarget "SureSafety" */;
			buildPhases = (
				AEEFEEA31F8D003A00C09797 /* Sources */,
				AEEFEEA41F8D003A00C09797 /* Frameworks */,
				AEEFEEA51F8D003A00C09797 /* Resources */,
			);
			buildRules = (
			);
			dependencies = (
			);
			name = SureSafety;
			productName = SureSafety;
			productReference = AEEFEEA71F8D003A00C09797 /* SureSafety.app */;
			productType = "com.apple.product-type.application";
		};
		AEEFEEBF1F8D003B00C09797 /* SureSafetyTests */ = {
			isa = PBXNativeTarget;
			buildConfigurationList = AEEFEED71F8D003B00C09797 /* Build configuration list for PBXNativeTarget "SureSafetyTests" */;
			buildPhases = (
				AEEFEEBC1F8D003B00C09797 /* Sources */,
				AEEFEEBD1F8D003B00C09797 /* Frameworks */,
				AEEFEEBE1F8D003B00C09797 /* Resources */,
			);
			buildRules = (
			);
			dependencies = (
				AEEFEEC21F8D003B00C09797 /* PBXTargetDependency */,
			);
			name = SureSafetyTests;
			productName = SureSafetyTests;
			productReference = AEEFEEC01F8D003B00C09797 /* SureSafetyTests.xctest */;
			productType = "com.apple.product-type.bundle.unit-test";
		};
		AEEFEECA1F8D003B00C09797 /* SureSafetyUITests */ = {
			isa = PBXNativeTarget;
			buildConfigurationList = AEEFEEDA1F8D003B00C09797 /* Build configuration list for PBXNativeTarget "SureSafetyUITests" */;
			buildPhases = (
				AEEFEEC71F8D003B00C09797 /* Sources */,
				AEEFEEC81F8D003B00C09797 /* Frameworks */,
				AEEFEEC91F8D003B00C09797 /* Resources */,
			);
			buildRules = (
			);
			dependencies = (
				AEEFEECD1F8D003B00C09797 /* PBXTargetDependency */,
			);
			name = SureSafetyUITests;
			productName = SureSafetyUITests;
			productReference = AEEFEECB1F8D003B00C09797 /* SureSafetyUITests.xctest */;
			productType = "com.apple.product-type.bundle.ui-testing";
		};
/* End PBXNativeTarget section */

/* Begin PBXProject section */
		AEEFEE9F1F8D003A00C09797 /* Project object */ = {
			isa = PBXProject;
			attributes = {
				LastUpgradeCheck = 0820;
				ORGANIZATIONNAME = "Xcode User";
				TargetAttributes = {
					AEEFEEA61F8D003A00C09797 = {
						CreatedOnToolsVersion = 8.2.1;
						LastSwiftMigration = 0820;
						ProvisioningStyle = Automatic;
					};
					AEEFEEBF1F8D003B00C09797 = {
						CreatedOnToolsVersion = 8.2.1;
						ProvisioningStyle = Automatic;
						TestTargetID = AEEFEEA61F8D003A00C09797;
					};
					AEEFEECA1F8D003B00C09797 = {
						CreatedOnToolsVersion = 8.2.1;
						ProvisioningStyle = Automatic;
						TestTargetID = AEEFEEA61F8D003A00C09797;
					};
				};
			};
			buildConfigurationList = AEEFEEA21F8D003A00C09797 /* Build configuration list for PBXProject "SureSafety" */;
			compatibilityVersion = "Xcode 3.2";
			developmentRegion = English;
			hasScannedForEncodings = 0;
			knownRegions = (
				en,
				Base,
			);
			mainGroup = AEEFEE9E1F8D003A00C09797;
			productRefGroup = AEEFEEA81F8D003A00C09797 /* Products */;
			projectDirPath = "";
			projectRoot = "";
			targets = (
				AEEFEEA61F8D003A00C09797 /* SureSafety */,
				AEEFEEBF1F8D003B00C09797 /* SureSafetyTests */,
				AEEFEECA1F8D003B00C09797 /* SureSafetyUITests */,
			);
		};
/* End PBXProject section */

/* Begin PBXResourcesBuildPhase section */
		AEEFEEA51F8D003A00C09797 /* Resources */ = {
			isa = PBXResourcesBuildPhase;
			buildActionMask = 2147483647;
			files = (
				AEF1AF472005B296002DD7BC /* Suresafety_logo_bg.png in Resources */,
				AEEFEEDF1F8D961E00C09797 /* footerImage.png in Resources */,
				AEEFEEBA1F8D003B00C09797 /* LaunchScreen.storyboard in Resources */,
				AE51FB4C1FBB9ABD005D535C /* SureSafety.db in Resources */,
				AE51FB381FAA4D52005D535C /* checkbox-checked.png in Resources */,
				AE51FB3B1FAA4DE4005D535C /* unchecked.png in Resources */,
				AEEFEEE11F8D996300C09797 /* Logo.png in Resources */,
				AEF6E28D1F9026CD00AE3937 /* loginHeader1.jpg in Resources */,
				AE78C50C1F9FDD7F0000DCA5 /* dreamstime_s_17222086.jpg in Resources */,
				AEEFEEB71F8D003B00C09797 /* Assets.xcassets in Resources */,
				AEEFEEB51F8D003B00C09797 /* Main.storyboard in Resources */,
				AE78C5061F9D5FF10000DCA5 /* viewControllerBackgroundOnset.png in Resources */,
			);
			runOnlyForDeploymentPostprocessing = 0;
		};
		AEEFEEBE1F8D003B00C09797 /* Resources */ = {
			isa = PBXResourcesBuildPhase;
			buildActionMask = 2147483647;
			files = (
			);
			runOnlyForDeploymentPostprocessing = 0;
		};
		AEEFEEC91F8D003B00C09797 /* Resources */ = {
			isa = PBXResourcesBuildPhase;
			buildActionMask = 2147483647;
			files = (
			);
			runOnlyForDeploymentPostprocessing = 0;
		};
/* End PBXResourcesBuildPhase section */

/* Begin PBXSourcesBuildPhase section */
		AEEFEEA31F8D003A00C09797 /* Sources */ = {
			isa = PBXSourcesBuildPhase;
			buildActionMask = 2147483647;
			files = (
				AE51FB4E1FBB9D34005D535C /* LoginViewController.swift in Sources */,
				AE51FB291FAA38DA005D535C /* IncidentReporting4ViewController.swift in Sources */,
				AEEFEEB21F8D003B00C09797 /* ViewController.m in Sources */,
				AEEFEEAF1F8D003A00C09797 /* AppDelegate.m in Sources */,
				AEED86E51FDDCF7C003350CE /* GlobalArray.swift in Sources */,
				AE51FB3D1FAA51BD005D535C /* HazardDetailsViewController.swift in Sources */,
				AE51FB251FAA385E005D535C /* IncidentReporting2ViewController.swift in Sources */,
				AE51FB2B1FAA38E8005D535C /* IncidentReporting5ViewController.swift in Sources */,
				AEEFEEAC1F8D003A00C09797 /* main.m in Sources */,
				AE51FB1F1FA11BE0005D535C /* OnSetOfIncidentViewController.swift in Sources */,
				AE6547441F928FEB005A6BB5 /* SiteCell.swift in Sources */,
				AE51FB2F1FAA4C6F005D535C /* IncidentProfileViewController.swift in Sources */,
				AE6547421F928E18005A6BB5 /* TableTestViewController.swift in Sources */,
				AE51FB271FAA38B6005D535C /* IncidentReporting3ViewController.swift in Sources */,
				AE51FB311FAA4C85005D535C /* HazardProfileViewController.swift in Sources */,
				AE51FB3F1FAA5748005D535C /* HazardOnset1ViewController.swift in Sources */,
				AE51FB411FAA5756005D535C /* HazardOnset2ViewController.swift in Sources */,
				AE51FB441FBB98C0005D535C /* LoginData.m in Sources */,
				AE51FB231FA13FAF005D535C /* IncidentReporting1ViewController.swift in Sources */,
			);
			runOnlyForDeploymentPostprocessing = 0;
		};
		AEEFEEBC1F8D003B00C09797 /* Sources */ = {
			isa = PBXSourcesBuildPhase;
			buildActionMask = 2147483647;
			files = (
				AEEFEEC51F8D003B00C09797 /* SureSafetyTests.m in Sources */,
			);
			runOnlyForDeploymentPostprocessing = 0;
		};
		AEEFEEC71F8D003B00C09797 /* Sources */ = {
			isa = PBXSourcesBuildPhase;
			buildActionMask = 2147483647;
			files = (
				AEEFEED01F8D003B00C09797 /* SureSafetyUITests.m in Sources */,
			);
			runOnlyForDeploymentPostprocessing = 0;
		};
/* End PBXSourcesBuildPhase section */

/* Begin PBXTargetDependency section */
		AEEFEEC21F8D003B00C09797 /* PBXTargetDependency */ = {
			isa = PBXTargetDependency;
			target = AEEFEEA61F8D003A00C09797 /* SureSafety */;
			targetProxy = AEEFEEC11F8D003B00C09797 /* PBXContainerItemProxy */;
		};
		AEEFEECD1F8D003B00C09797 /* PBXTargetDependency */ = {
			isa = PBXTargetDependency;
			target = AEEFEEA61F8D003A00C09797 /* SureSafety */;
			targetProxy = AEEFEECC1F8D003B00C09797 /* PBXContainerItemProxy */;
		};
/* End PBXTargetDependency section */

/* Begin PBXVariantGroup section */
		AEEFEEB31F8D003B00C09797 /* Main.storyboard */ = {
			isa = PBXVariantGroup;
			children = (
				AEEFEEB41F8D003B00C09797 /* Base */,
			);
			name = Main.storyboard;
			sourceTree = "<group>";
		};
		AEEFEEB81F8D003B00C09797 /* LaunchScreen.storyboard */ = {
			isa = PBXVariantGroup;
			children = (
				AEEFEEB91F8D003B00C09797 /* Base */,
			);
			name = LaunchScreen.storyboard;
			sourceTree = "<group>";
		};
/* End PBXVariantGroup section */

/* Begin XCBuildConfiguration section */
		AEEFEED21F8D003B00C09797 /* Debug */ = {
			isa = XCBuildConfiguration;
			buildSettings = {
				ALWAYS_SEARCH_USER_PATHS = NO;
				CLANG_ANALYZER_NONNULL = YES;
				CLANG_CXX_LANGUAGE_STANDARD = "gnu++0x";
				CLANG_CXX_LIBRARY = "libc++";
				CLANG_ENABLE_MODULES = YES;
				CLANG_ENABLE_OBJC_ARC = YES;
				CLANG_WARN_BOOL_CONVERSION = YES;
				CLANG_WARN_CONSTANT_CONVERSION = YES;
				CLANG_WARN_DIRECT_OBJC_ISA_USAGE = YES_ERROR;
				CLANG_WARN_DOCUMENTATION_COMMENTS = YES;
				CLANG_WARN_EMPTY_BODY = YES;
				CLANG_WARN_ENUM_CONVERSION = YES;
				CLANG_WARN_INFINITE_RECURSION = YES;
				CLANG_WARN_INT_CONVERSION = YES;
				CLANG_WARN_OBJC_ROOT_CLASS = YES_ERROR;
				CLANG_WARN_SUSPICIOUS_MOVE = YES;
				CLANG_WARN_UNREACHABLE_CODE = YES;
				CLANG_WARN__DUPLICATE_METHOD_MATCH = YES;
				"CODE_SIGN_IDENTITY[sdk=iphoneos*]" = "iPhone Developer";
				COPY_PHASE_STRIP = NO;
				DEBUG_INFORMATION_FORMAT = dwarf;
				ENABLE_STRICT_OBJC_MSGSEND = YES;
				ENABLE_TESTABILITY = YES;
				GCC_C_LANGUAGE_STANDARD = gnu99;
				GCC_DYNAMIC_NO_PIC = NO;
				GCC_NO_COMMON_BLOCKS = YES;
				GCC_OPTIMIZATION_LEVEL = 0;
				GCC_PREPROCESSOR_DEFINITIONS = (
					"DEBUG=1",
					"$(inherited)",
				);
				GCC_WARN_64_TO_32_BIT_CONVERSION = YES;
				GCC_WARN_ABOUT_RETURN_TYPE = YES_ERROR;
				GCC_WARN_UNDECLARED_SELECTOR = YES;
				GCC_WARN_UNINITIALIZED_AUTOS = YES_AGGRESSIVE;
				GCC_WARN_UNUSED_FUNCTION = YES;
				GCC_WARN_UNUSED_VARIABLE = YES;
				IPHONEOS_DEPLOYMENT_TARGET = 10.2;
				MTL_ENABLE_DEBUG_INFO = YES;
				ONLY_ACTIVE_ARCH = YES;
				SDKROOT = iphoneos;
				TARGETED_DEVICE_FAMILY = "1,2";
			};
			name = Debug;
		};
		AEEFEED31F8D003B00C09797 /* Release */ = {
			isa = XCBuildConfiguration;
			buildSettings = {
				ALWAYS_SEARCH_USER_PATHS = NO;
				CLANG_ANALYZER_NONNULL = YES;
				CLANG_CXX_LANGUAGE_STANDARD = "gnu++0x";
				CLANG_CXX_LIBRARY = "libc++";
				CLANG_ENABLE_MODULES = YES;
				CLANG_ENABLE_OBJC_ARC = YES;
				CLANG_WARN_BOOL_CONVERSION = YES;
				CLANG_WARN_CONSTANT_CONVERSION = YES;
				CLANG_WARN_DIRECT_OBJC_ISA_USAGE = YES_ERROR;
				CLANG_WARN_DOCUMENTATION_COMMENTS = YES;
				CLANG_WARN_EMPTY_BODY = YES;
				CLANG_WARN_ENUM_CONVERSION = YES;
				CLANG_WARN_INFINITE_RECURSION = YES;
				CLANG_WARN_INT_CONVERSION = YES;
				CLANG_WARN_OBJC_ROOT_CLASS = YES_ERROR;
				CLANG_WARN_SUSPICIOUS_MOVE = YES;
				CLANG_WARN_UNREACHABLE_CODE = YES;
				CLANG_WARN__DUPLICATE_METHOD_MATCH = YES;
				"CODE_SIGN_IDENTITY[sdk=iphoneos*]" = "iPhone Developer";
				COPY_PHASE_STRIP = NO;
				DEBUG_INFORMATION_FORMAT = "dwarf-with-dsym";
				ENABLE_NS_ASSERTIONS = NO;
				ENABLE_STRICT_OBJC_MSGSEND = YES;
				GCC_C_LANGUAGE_STANDARD = gnu99;
				GCC_NO_COMMON_BLOCKS = YES;
				GCC_WARN_64_TO_32_BIT_CONVERSION = YES;
				GCC_WARN_ABOUT_RETURN_TYPE = YES_ERROR;
				GCC_WARN_UNDECLARED_SELECTOR = YES;
				GCC_WARN_UNINITIALIZED_AUTOS = YES_AGGRESSIVE;
				GCC_WARN_UNUSED_FUNCTION = YES;
				GCC_WARN_UNUSED_VARIABLE = YES;
				IPHONEOS_DEPLOYMENT_TARGET = 10.2;
				MTL_ENABLE_DEBUG_INFO = NO;
				SDKROOT = iphoneos;
				TARGETED_DEVICE_FAMILY = "1,2";
				VALIDATE_PRODUCT = YES;
			};
			name = Release;
		};
		AEEFEED51F8D003B00C09797 /* Debug */ = {
			isa = XCBuildConfiguration;
			buildSettings = {
				ASSETCATALOG_COMPILER_APPICON_NAME = AppIcon;
				CLANG_ENABLE_MODULES = YES;
				INFOPLIST_FILE = SureSafety/Info.plist;
				LD_RUNPATH_SEARCH_PATHS = "$(inherited) @executable_path/Frameworks";
				PRODUCT_BUNDLE_IDENTIFIER = AtWorkCanada.SureSafety;
				PRODUCT_NAME = "$(TARGET_NAME)";
				SWIFT_OBJC_BRIDGING_HEADER = "SureSafety/SureSafety-Bridging-Header.h";
				SWIFT_OPTIMIZATION_LEVEL = "-Onone";
				SWIFT_VERSION = 3.0;
			};
			name = Debug;
		};
		AEEFEED61F8D003B00C09797 /* Release */ = {
			isa = XCBuildConfiguration;
			buildSettings = {
				ASSETCATALOG_COMPILER_APPICON_NAME = AppIcon;
				CLANG_ENABLE_MODULES = YES;
				INFOPLIST_FILE = SureSafety/Info.plist;
				LD_RUNPATH_SEARCH_PATHS = "$(inherited) @executable_path/Frameworks";
				PRODUCT_BUNDLE_IDENTIFIER = AtWorkCanada.SureSafety;
				PRODUCT_NAME = "$(TARGET_NAME)";
				SWIFT_OBJC_BRIDGING_HEADER = "SureSafety/SureSafety-Bridging-Header.h";
				SWIFT_VERSION = 3.0;
			};
			name = Release;
		};
		AEEFEED81F8D003B00C09797 /* Debug */ = {
			isa = XCBuildConfiguration;
			buildSettings = {
				ALWAYS_EMBED_SWIFT_STANDARD_LIBRARIES = YES;
				BUNDLE_LOADER = "$(TEST_HOST)";
				INFOPLIST_FILE = SureSafetyTests/Info.plist;
				LD_RUNPATH_SEARCH_PATHS = "$(inherited) @executable_path/Frameworks @loader_path/Frameworks";
				PRODUCT_BUNDLE_IDENTIFIER = AtWorkCanada.SureSafetyTests;
				PRODUCT_NAME = "$(TARGET_NAME)";
				TEST_HOST = "$(BUILT_PRODUCTS_DIR)/SureSafety.app/SureSafety";
			};
			name = Debug;
		};
		AEEFEED91F8D003B00C09797 /* Release */ = {
			isa = XCBuildConfiguration;
			buildSettings = {
				ALWAYS_EMBED_SWIFT_STANDARD_LIBRARIES = YES;
				BUNDLE_LOADER = "$(TEST_HOST)";
				INFOPLIST_FILE = SureSafetyTests/Info.plist;
				LD_RUNPATH_SEARCH_PATHS = "$(inherited) @executable_path/Frameworks @loader_path/Frameworks";
				PRODUCT_BUNDLE_IDENTIFIER = AtWorkCanada.SureSafetyTests;
				PRODUCT_NAME = "$(TARGET_NAME)";
				TEST_HOST = "$(BUILT_PRODUCTS_DIR)/SureSafety.app/SureSafety";
			};
			name = Release;
		};
		AEEFEEDB1F8D003B00C09797 /* Debug */ = {
			isa = XCBuildConfiguration;
			buildSettings = {
				ALWAYS_EMBED_SWIFT_STANDARD_LIBRARIES = YES;
				INFOPLIST_FILE = SureSafetyUITests/Info.plist;
				LD_RUNPATH_SEARCH_PATHS = "$(inherited) @executable_path/Frameworks @loader_path/Frameworks";
				PRODUCT_BUNDLE_IDENTIFIER = AtWorkCanada.SureSafetyUITests;
				PRODUCT_NAME = "$(TARGET_NAME)";
				TEST_TARGET_NAME = SureSafety;
			};
			name = Debug;
		};
		AEEFEEDC1F8D003B00C09797 /* Release */ = {
			isa = XCBuildConfiguration;
			buildSettings = {
				ALWAYS_EMBED_SWIFT_STANDARD_LIBRARIES = YES;
				INFOPLIST_FILE = SureSafetyUITests/Info.plist;
				LD_RUNPATH_SEARCH_PATHS = "$(inherited) @executable_path/Frameworks @loader_path/Frameworks";
				PRODUCT_BUNDLE_IDENTIFIER = AtWorkCanada.SureSafetyUITests;
				PRODUCT_NAME = "$(TARGET_NAME)";
				TEST_TARGET_NAME = SureSafety;
			};
			name = Release;
		};
/* End XCBuildConfiguration section */

/* Begin XCConfigurationList section */
		AEEFEEA21F8D003A00C09797 /* Build configuration list for PBXProject "SureSafety" */ = {
			isa = XCConfigurationList;
			buildConfigurations = (
				AEEFEED21F8D003B00C09797 /* Debug */,
				AEEFEED31F8D003B00C09797 /* Release */,
			);
			defaultConfigurationIsVisible = 0;
			defaultConfigurationName = Release;
		};
		AEEFEED41F8D003B00C09797 /* Build configuration list for PBXNativeTarget "SureSafety" */ = {
			isa = XCConfigurationList;
			buildConfigurations = (
				AEEFEED51F8D003B00C09797 /* Debug */,
				AEEFEED61F8D003B00C09797 /* Release */,
			);
			defaultConfigurationIsVisible = 0;
			defaultConfigurationName = Release;
		};
		AEEFEED71F8D003B00C09797 /* Build configuration list for PBXNativeTarget "SureSafetyTests" */ = {
			isa = XCConfigurationList;
			buildConfigurations = (
				AEEFEED81F8D003B00C09797 /* Debug */,
				AEEFEED91F8D003B00C09797 /* Release */,
			);
			defaultConfigurationIsVisible = 0;
			defaultConfigurationName = Release;
		};
		AEEFEEDA1F8D003B00C09797 /* Build configuration list for PBXNativeTarget "SureSafetyUITests" */ = {
			isa = XCConfigurationList;
			buildConfigurations = (
				AEEFEEDB1F8D003B00C09797 /* Debug */,
				AEEFEEDC1F8D003B00C09797 /* Release */,
			);
			defaultConfigurationIsVisible = 0;
			defaultConfigurationName = Release;
		};
/* End XCConfigurationList section */
	};
	rootObject = AEEFEE9F1F8D003A00C09797 /* Project object */;
}
